
Microsoft Visual Studio Solution File, Format Version 12.00
# Visual Studio Version 17
VisualStudioVersion = 17.4.33110.190
MinimumVisualStudioVersion = 10.0.40219.1
Project("{9A19103F-16F7-4668-BE54-9A1E7A4F7556}") = "InGame.Entities", "InGame.Entities\InGame.Entities.csproj", "{40072504-6BDF-4B6A-9C4C-733A25D64D5E}"
EndProject
Project("{9A19103F-16F7-4668-BE54-9A1E7A4F7556}") = "InGame.DataAccess", "InGame.DataAccess\InGame.DataAccess.csproj", "{7EA8962B-DEBF-481B-A68A-B8E4CD3CF834}"
EndProject
Project("{9A19103F-16F7-4668-BE54-9A1E7A4F7556}") = "InGame.WebApi", "InGame.WebApi\InGame.WebApi.csproj", "{B697388C-A322-4A90-93D9-EE6F2A7684A3}"
EndProject
Project("{9A19103F-16F7-4668-BE54-9A1E7A4F7556}") = "InGame.Business", "InGame.Business\InGame.Business.csproj", "{5A212FF9-72B0-4EF3-8481-AC335CE3DE8D}"
EndProject
Global
	GlobalSection(SolutionConfigurationPlatforms) = preSolution
		Debug|Any CPU = Debug|Any CPU
		Release|Any CPU = Release|Any CPU
	EndGlobalSection
	GlobalSection(ProjectConfigurationPlatforms) = postSolution
		{40072504-6BDF-4B6A-9C4C-733A25D64D5E}.Debug|Any CPU.ActiveCfg = Debug|Any CPU
		{40072504-6BDF-4B6A-9C4C-733A25D64D5E}.Debug|Any CPU.Build.0 = Debug|Any CPU
		{40072504-6BDF-4B6A-9C4C-733A25D64D5E}.Release|Any CPU.ActiveCfg = Release|Any CPU
		{40072504-6BDF-4B6A-9C4C-733A25D64D5E}.Release|Any CPU.Build.0 = Release|Any CPU
		{7EA8962B-DEBF-481B-A68A-B8E4CD3CF834}.Debug|Any CPU.ActiveCfg = Debug|Any CPU
		{7EA8962B-DEBF-481B-A68A-B8E4CD3CF834}.Debug|Any CPU.Build.0 = Debug|Any CPU
		{7EA8962B-DEBF-481B-A68A-B8E4CD3CF834}.Release|Any CPU.ActiveCfg = Release|Any CPU
		{7EA8962B-DEBF-481B-A68A-B8E4CD3CF834}.Release|Any CPU.Build.0 = Release|Any CPU
		{B697388C-A322-4A90-93D9-EE6F2A7684A3}.Debug|Any CPU.ActiveCfg = Debug|Any CPU
		{B697388C-A322-4A90-93D9-EE6F2A7684A3}.Debug|Any CPU.Build.0 = Debug|Any CPU
		{B697388C-A322-4A90-93D9-EE6F2A7684A3}.Release|Any CPU.ActiveCfg = Release|Any CPU
		{B697388C-A322-4A90-93D9-EE6F2A7684A3}.Release|Any CPU.Build.0 = Release|Any CPU
		{5A212FF9-72B0-4EF3-8481-AC335CE3DE8D}.Debug|Any CPU.ActiveCfg = Debug|Any CPU
		{5A212FF9-72B0-4EF3-8481-AC335CE3DE8D}.Debug|Any CPU.Build.0 = Debug|Any CPU
		{5A212FF9-72B0-4EF3-8481-AC335CE3DE8D}.Release|Any CPU.ActiveCfg = Release|Any CPU
		{5A212FF9-72B0-4EF3-8481-AC335CE3DE8D}.Release|Any CPU.Build.0 = Release|Any CPU
	EndGlobalSection
	GlobalSection(SolutionProperties) = preSolution
		HideSolutionNode = FALSE
	EndGlobalSection
	GlobalSection(ExtensibilityGlobals) = postSolution
		SolutionGuid = {77E8A5BF-6CFB-4152-9EAE-4F73B253A7EA}
	EndGlobalSection
EndGlobal
